
Microsoft Visual Studio Solution File, Format Version 12.00
# Visual Studio Version 16
VisualStudioVersion = 16.0.30907.101
MinimumVisualStudioVersion = 10.0.40219.1
Project("{FAE04EC0-301F-11D3-BF4B-00C04F79EFBC}") = "Sem3PAW_1047", "Sem3PAW_1047.csproj", "{80D5C7A1-102D-4D2E-B822-EAE7098A50C9}"
EndProject
Global
	GlobalSection(SolutionConfigurationPlatforms) = preSolution
		Debug|Any CPU = Debug|Any CPU
		Release|Any CPU = Release|Any CPU
	EndGlobalSection
	GlobalSection(ProjectConfigurationPlatforms) = postSolution
		{80D5C7A1-102D-4D2E-B822-EAE7098A50C9}.Debug|Any CPU.ActiveCfg = Debug|Any CPU
		{80D5C7A1-102D-4D2E-B822-EAE7098A50C9}.Debug|Any CPU.Build.0 = Debug|Any CPU
		{80D5C7A1-102D-4D2E-B822-EAE7098A50C9}.Release|Any CPU.ActiveCfg = Release|Any CPU
		{80D5C7A1-102D-4D2E-B822-EAE7098A50C9}.Release|Any CPU.Build.0 = Release|Any CPU
	EndGlobalSection
	GlobalSection(SolutionProperties) = preSolution
		HideSolutionNode = FALSE
	EndGlobalSection
	GlobalSection(ExtensibilityGlobals) = postSolution
		SolutionGuid = {80F4B78F-4BCE-4D08-959E-5596E41F0A61}
	EndGlobalSection
EndGlobal
