
Microsoft Visual Studio Solution File, Format Version 12.00
# Visual Studio Version 16
VisualStudioVersion = 16.0.30907.101
MinimumVisualStudioVersion = 10.0.40219.1
Project("{FAE04EC0-301F-11D3-BF4B-00C04F79EFBC}") = "Sem5PAW_1045", "Sem5PAW_1045.csproj", "{F95A8DE2-BB32-45A7-B3BB-E3A50853AE28}"
EndProject
Global
	GlobalSection(SolutionConfigurationPlatforms) = preSolution
		Debug|Any CPU = Debug|Any CPU
		Release|Any CPU = Release|Any CPU
	EndGlobalSection
	GlobalSection(ProjectConfigurationPlatforms) = postSolution
		{F95A8DE2-BB32-45A7-B3BB-E3A50853AE28}.Debug|Any CPU.ActiveCfg = Debug|Any CPU
		{F95A8DE2-BB32-45A7-B3BB-E3A50853AE28}.Debug|Any CPU.Build.0 = Debug|Any CPU
		{F95A8DE2-BB32-45A7-B3BB-E3A50853AE28}.Release|Any CPU.ActiveCfg = Release|Any CPU
		{F95A8DE2-BB32-45A7-B3BB-E3A50853AE28}.Release|Any CPU.Build.0 = Release|Any CPU
	EndGlobalSection
	GlobalSection(SolutionProperties) = preSolution
		HideSolutionNode = FALSE
	EndGlobalSection
	GlobalSection(ExtensibilityGlobals) = postSolution
		SolutionGuid = {A945F1D7-D4FD-4D37-A29F-B772C30364C3}
	EndGlobalSection
EndGlobal
