
Microsoft Visual Studio Solution File, Format Version 12.00
# Visual Studio Version 16
VisualStudioVersion = 16.0.30907.101
MinimumVisualStudioVersion = 10.0.40219.1
Project("{FAE04EC0-301F-11D3-BF4B-00C04F79EFBC}") = "Sem1PAW_1047", "Sem1PAW_1047.csproj", "{A56538BE-8EC9-4E8D-9E46-7A1C84240E61}"
EndProject
Global
	GlobalSection(SolutionConfigurationPlatforms) = preSolution
		Debug|Any CPU = Debug|Any CPU
		Release|Any CPU = Release|Any CPU
	EndGlobalSection
	GlobalSection(ProjectConfigurationPlatforms) = postSolution
		{A56538BE-8EC9-4E8D-9E46-7A1C84240E61}.Debug|Any CPU.ActiveCfg = Debug|Any CPU
		{A56538BE-8EC9-4E8D-9E46-7A1C84240E61}.Debug|Any CPU.Build.0 = Debug|Any CPU
		{A56538BE-8EC9-4E8D-9E46-7A1C84240E61}.Release|Any CPU.ActiveCfg = Release|Any CPU
		{A56538BE-8EC9-4E8D-9E46-7A1C84240E61}.Release|Any CPU.Build.0 = Release|Any CPU
	EndGlobalSection
	GlobalSection(SolutionProperties) = preSolution
		HideSolutionNode = FALSE
	EndGlobalSection
	GlobalSection(ExtensibilityGlobals) = postSolution
		SolutionGuid = {952A6CE7-9D28-4A7D-9EB3-8BEAD9E2D8B7}
	EndGlobalSection
EndGlobal
